
Microsoft Visual Studio Solution File, Format Version 12.00
# Visual Studio 2013
VisualStudioVersion = 12.0.31101.0
MinimumVisualStudioVersion = 10.0.40219.1
Project("{FAE04EC0-301F-11D3-BF4B-00C04F79EFBC}") = "Ucoin.Authority.Site", "Authority\Ucoin.Authority.Site\Ucoin.Authority.Site.csproj", "{F405CFD7-515C-43AC-ABF7-01918373BDFF}"
EndProject
Project("{FAE04EC0-301F-11D3-BF4B-00C04F79EFBC}") = "Ucoin.Authority.EFData", "Authority\Ucoin.Authority.EFData\Ucoin.Authority.EFData.csproj", "{1523B79A-6760-4EC4-9518-8E6279720BE9}"
EndProject
Project("{FAE04EC0-301F-11D3-BF4B-00C04F79EFBC}") = "Ucoin.Authority.Entities", "Authority\Ucoin.Authority.Entities\Ucoin.Authority.Entities.csproj", "{9CD0A57A-8705-4074-9C00-7BF54BDA882A}"
EndProject
Project("{FAE04EC0-301F-11D3-BF4B-00C04F79EFBC}") = "Ucoin.Authority.IRepositories", "Authority\Ucoin.Authority.IRepositories\Ucoin.Authority.IRepositories.csproj", "{1425A984-4B1D-40F4-A4E0-1757B7E6E506}"
EndProject
Project("{FAE04EC0-301F-11D3-BF4B-00C04F79EFBC}") = "Ucoin.Authority.IServices", "Authority\Ucoin.Authority.IServices\Ucoin.Authority.IServices.csproj", "{72E3CDAE-0762-41FA-9D70-F0EAA3A32F7B}"
EndProject
Project("{FAE04EC0-301F-11D3-BF4B-00C04F79EFBC}") = "Ucoin.Authority.Repositories", "Authority\Ucoin.Authority.Repositories\Ucoin.Authority.Repositories.csproj", "{032F3EB8-F1EB-4D5A-B393-97E30B3AE1E9}"
EndProject
Project("{FAE04EC0-301F-11D3-BF4B-00C04F79EFBC}") = "Ucoin.Authority.Services", "Authority\Ucoin.Authority.Services\Ucoin.Authority.Services.csproj", "{4DCEC664-2B67-4059-AB2D-DE6ED9E87835}"
EndProject
Global
	GlobalSection(SolutionConfigurationPlatforms) = preSolution
		Debug|Any CPU = Debug|Any CPU
		Release|Any CPU = Release|Any CPU
	EndGlobalSection
	GlobalSection(ProjectConfigurationPlatforms) = postSolution
		{F405CFD7-515C-43AC-ABF7-01918373BDFF}.Debug|Any CPU.ActiveCfg = Debug|Any CPU
		{F405CFD7-515C-43AC-ABF7-01918373BDFF}.Debug|Any CPU.Build.0 = Debug|Any CPU
		{F405CFD7-515C-43AC-ABF7-01918373BDFF}.Release|Any CPU.ActiveCfg = Release|Any CPU
		{F405CFD7-515C-43AC-ABF7-01918373BDFF}.Release|Any CPU.Build.0 = Release|Any CPU
		{1523B79A-6760-4EC4-9518-8E6279720BE9}.Debug|Any CPU.ActiveCfg = Debug|Any CPU
		{1523B79A-6760-4EC4-9518-8E6279720BE9}.Debug|Any CPU.Build.0 = Debug|Any CPU
		{1523B79A-6760-4EC4-9518-8E6279720BE9}.Release|Any CPU.ActiveCfg = Release|Any CPU
		{1523B79A-6760-4EC4-9518-8E6279720BE9}.Release|Any CPU.Build.0 = Release|Any CPU
		{9CD0A57A-8705-4074-9C00-7BF54BDA882A}.Debug|Any CPU.ActiveCfg = Debug|Any CPU
		{9CD0A57A-8705-4074-9C00-7BF54BDA882A}.Debug|Any CPU.Build.0 = Debug|Any CPU
		{9CD0A57A-8705-4074-9C00-7BF54BDA882A}.Release|Any CPU.ActiveCfg = Release|Any CPU
		{9CD0A57A-8705-4074-9C00-7BF54BDA882A}.Release|Any CPU.Build.0 = Release|Any CPU
		{1425A984-4B1D-40F4-A4E0-1757B7E6E506}.Debug|Any CPU.ActiveCfg = Debug|Any CPU
		{1425A984-4B1D-40F4-A4E0-1757B7E6E506}.Debug|Any CPU.Build.0 = Debug|Any CPU
		{1425A984-4B1D-40F4-A4E0-1757B7E6E506}.Release|Any CPU.ActiveCfg = Release|Any CPU
		{1425A984-4B1D-40F4-A4E0-1757B7E6E506}.Release|Any CPU.Build.0 = Release|Any CPU
		{72E3CDAE-0762-41FA-9D70-F0EAA3A32F7B}.Debug|Any CPU.ActiveCfg = Debug|Any CPU
		{72E3CDAE-0762-41FA-9D70-F0EAA3A32F7B}.Debug|Any CPU.Build.0 = Debug|Any CPU
		{72E3CDAE-0762-41FA-9D70-F0EAA3A32F7B}.Release|Any CPU.ActiveCfg = Release|Any CPU
		{72E3CDAE-0762-41FA-9D70-F0EAA3A32F7B}.Release|Any CPU.Build.0 = Release|Any CPU
		{032F3EB8-F1EB-4D5A-B393-97E30B3AE1E9}.Debug|Any CPU.ActiveCfg = Debug|Any CPU
		{032F3EB8-F1EB-4D5A-B393-97E30B3AE1E9}.Debug|Any CPU.Build.0 = Debug|Any CPU
		{032F3EB8-F1EB-4D5A-B393-97E30B3AE1E9}.Release|Any CPU.ActiveCfg = Release|Any CPU
		{032F3EB8-F1EB-4D5A-B393-97E30B3AE1E9}.Release|Any CPU.Build.0 = Release|Any CPU
		{4DCEC664-2B67-4059-AB2D-DE6ED9E87835}.Debug|Any CPU.ActiveCfg = Debug|Any CPU
		{4DCEC664-2B67-4059-AB2D-DE6ED9E87835}.Debug|Any CPU.Build.0 = Debug|Any CPU
		{4DCEC664-2B67-4059-AB2D-DE6ED9E87835}.Release|Any CPU.ActiveCfg = Release|Any CPU
		{4DCEC664-2B67-4059-AB2D-DE6ED9E87835}.Release|Any CPU.Build.0 = Release|Any CPU
	EndGlobalSection
	GlobalSection(SolutionProperties) = preSolution
		HideSolutionNode = FALSE
	EndGlobalSection
EndGlobal
