
Microsoft Visual Studio Solution File, Format Version 12.00
# Visual Studio 2013
VisualStudioVersion = 12.0.31101.0
MinimumVisualStudioVersion = 10.0.40219.1
Project("{2150E333-8FDC-42A3-9474-1A3956D46DE8}") = "1.UI", "1.UI", "{39FB9E80-48DA-434D-B8FF-D7B27B5EFECF}"
EndProject
Project("{2150E333-8FDC-42A3-9474-1A3956D46DE8}") = "5.Framework", "5.Framework", "{93384C3E-A6B6-4191-A2F7-425D66DE2523}"
EndProject
Project("{2150E333-8FDC-42A3-9474-1A3956D46DE8}") = "3.Domains", "3.Domains", "{48F0621D-07E4-46BF-90BF-49CB85CF62D6}"
EndProject
Project("{2150E333-8FDC-42A3-9474-1A3956D46DE8}") = "2.Services", "2.Services", "{2C33AC00-0212-4FA8-818C-5B502BCB4EF7}"
EndProject
Project("{2150E333-8FDC-42A3-9474-1A3956D46DE8}") = "7.Tests", "7.Tests", "{77E2A99B-F19A-45D2-83A5-2FF165A85916}"
EndProject
Project("{FAE04EC0-301F-11D3-BF4B-00C04F79EFBC}") = "Ucoin.Utility", "Framework\Ucoin.Utility\Ucoin.Utility.csproj", "{5B31D7E9-F83F-465F-AA90-D25A580E5420}"
EndProject
Project("{2150E333-8FDC-42A3-9474-1A3956D46DE8}") = "6.Docs", "6.Docs", "{72F1D296-FEB2-4DBC-B965-5DC68B6D6F95}"
	ProjectSection(SolutionItems) = preProject
		Readme.txt = Readme.txt
		ToDoList.txt = ToDoList.txt
	EndProjectSection
EndProject
Project("{FAE04EC0-301F-11D3-BF4B-00C04F79EFBC}") = "Ucoin.Authority.Site", "Authority\Ucoin.Authority.Site\Ucoin.Authority.Site.csproj", "{F405CFD7-515C-43AC-ABF7-01918373BDFF}"
EndProject
Project("{2150E333-8FDC-42A3-9474-1A3956D46DE8}") = "4.DAL", "4.DAL", "{E689422A-4A8C-42C4-A8A0-55D52A959997}"
EndProject
Project("{FAE04EC0-301F-11D3-BF4B-00C04F79EFBC}") = "Ucoin.Framework", "Framework\Ucoin.Framework\Ucoin.Framework.csproj", "{536E2AC2-BE9C-4CD6-B64C-BF3A719594BE}"
EndProject
Project("{FAE04EC0-301F-11D3-BF4B-00C04F79EFBC}") = "Ucoin.Framework.EFRepository", "Framework\Ucoin.Framework.EFRepositories\Ucoin.Framework.EFRepository.csproj", "{2F183B8A-997F-4999-8C70-60D55AB4B80A}"
EndProject
Project("{FAE04EC0-301F-11D3-BF4B-00C04F79EFBC}") = "Ucoin.Framework.MongoRepository", "Framework\Ucoin.Framework.MongoRepositories\Ucoin.Framework.MongoRepository.csproj", "{3D2EA83D-9865-4FD7-97C6-60D60589D65D}"
EndProject
Project("{FAE04EC0-301F-11D3-BF4B-00C04F79EFBC}") = "Ucoin.MongoRepository.Test", "Test\Ucoin.MongoRepository.Test\Ucoin.MongoRepository.Test.csproj", "{CE7E8567-E322-4355-99C5-6D46F220C24F}"
EndProject
Project("{FAE04EC0-301F-11D3-BF4B-00C04F79EFBC}") = "Ucoin.Framework.Test", "Test\Ucoin.Framework.Test\Ucoin.Framework.Test.csproj", "{B79321E2-9C08-42C0-8B98-F868B8B995F0}"
EndProject
Project("{FAE04EC0-301F-11D3-BF4B-00C04F79EFBC}") = "Ucoin.Authority.Entities", "Authority\Ucoin.Authority.Entities\Ucoin.Authority.Entities.csproj", "{9CD0A57A-8705-4074-9C00-7BF54BDA882A}"
EndProject
Project("{FAE04EC0-301F-11D3-BF4B-00C04F79EFBC}") = "Ucoin.Authority.IRepositories", "Authority\Ucoin.Authority.IRepositories\Ucoin.Authority.IRepositories.csproj", "{1425A984-4B1D-40F4-A4E0-1757B7E6E506}"
EndProject
Project("{FAE04EC0-301F-11D3-BF4B-00C04F79EFBC}") = "Ucoin.Authority.Repositories", "Authority\Ucoin.Authority.Repositories\Ucoin.Authority.Repositories.csproj", "{032F3EB8-F1EB-4D5A-B393-97E30B3AE1E9}"
EndProject
Project("{FAE04EC0-301F-11D3-BF4B-00C04F79EFBC}") = "Ucoin.Authority.EFData", "Authority\Ucoin.Authority.EFData\Ucoin.Authority.EFData.csproj", "{1523B79A-6760-4EC4-9518-8E6279720BE9}"
EndProject
Project("{FAE04EC0-301F-11D3-BF4B-00C04F79EFBC}") = "Ucoin.Framework.ObjectMapper", "Framework\Ucoin.Framework.ObjectMapper\Ucoin.Framework.ObjectMapper.csproj", "{310B8117-9AE9-4477-A735-D23ACE185140}"
EndProject
Project("{FAE04EC0-301F-11D3-BF4B-00C04F79EFBC}") = "Ucoin.Framework.ServiceLocator", "Framework\Ucoin.Framework.ServiceLocator\Ucoin.Framework.ServiceLocator.csproj", "{EE23E806-83FE-459A-9050-95A327E28792}"
EndProject
Project("{FAE04EC0-301F-11D3-BF4B-00C04F79EFBC}") = "Ucoin.ObjectMapper.Test", "Test\Ucoin.ObjectMapper.Test\Ucoin.ObjectMapper.Test.csproj", "{C6DCD4F1-7074-4E8A-B3D6-E7DE43497D7E}"
EndProject
Global
	GlobalSection(SolutionConfigurationPlatforms) = preSolution
		Debug|Any CPU = Debug|Any CPU
		Release|Any CPU = Release|Any CPU
	EndGlobalSection
	GlobalSection(ProjectConfigurationPlatforms) = postSolution
		{5B31D7E9-F83F-465F-AA90-D25A580E5420}.Debug|Any CPU.ActiveCfg = Debug|Any CPU
		{5B31D7E9-F83F-465F-AA90-D25A580E5420}.Debug|Any CPU.Build.0 = Debug|Any CPU
		{5B31D7E9-F83F-465F-AA90-D25A580E5420}.Release|Any CPU.ActiveCfg = Release|Any CPU
		{5B31D7E9-F83F-465F-AA90-D25A580E5420}.Release|Any CPU.Build.0 = Release|Any CPU
		{F405CFD7-515C-43AC-ABF7-01918373BDFF}.Debug|Any CPU.ActiveCfg = Debug|Any CPU
		{F405CFD7-515C-43AC-ABF7-01918373BDFF}.Debug|Any CPU.Build.0 = Debug|Any CPU
		{F405CFD7-515C-43AC-ABF7-01918373BDFF}.Release|Any CPU.ActiveCfg = Release|Any CPU
		{F405CFD7-515C-43AC-ABF7-01918373BDFF}.Release|Any CPU.Build.0 = Release|Any CPU
		{536E2AC2-BE9C-4CD6-B64C-BF3A719594BE}.Debug|Any CPU.ActiveCfg = Debug|Any CPU
		{536E2AC2-BE9C-4CD6-B64C-BF3A719594BE}.Debug|Any CPU.Build.0 = Debug|Any CPU
		{536E2AC2-BE9C-4CD6-B64C-BF3A719594BE}.Release|Any CPU.ActiveCfg = Release|Any CPU
		{536E2AC2-BE9C-4CD6-B64C-BF3A719594BE}.Release|Any CPU.Build.0 = Release|Any CPU
		{2F183B8A-997F-4999-8C70-60D55AB4B80A}.Debug|Any CPU.ActiveCfg = Debug|Any CPU
		{2F183B8A-997F-4999-8C70-60D55AB4B80A}.Debug|Any CPU.Build.0 = Debug|Any CPU
		{2F183B8A-997F-4999-8C70-60D55AB4B80A}.Release|Any CPU.ActiveCfg = Release|Any CPU
		{2F183B8A-997F-4999-8C70-60D55AB4B80A}.Release|Any CPU.Build.0 = Release|Any CPU
		{3D2EA83D-9865-4FD7-97C6-60D60589D65D}.Debug|Any CPU.ActiveCfg = Debug|Any CPU
		{3D2EA83D-9865-4FD7-97C6-60D60589D65D}.Debug|Any CPU.Build.0 = Debug|Any CPU
		{3D2EA83D-9865-4FD7-97C6-60D60589D65D}.Release|Any CPU.ActiveCfg = Release|Any CPU
		{3D2EA83D-9865-4FD7-97C6-60D60589D65D}.Release|Any CPU.Build.0 = Release|Any CPU
		{CE7E8567-E322-4355-99C5-6D46F220C24F}.Debug|Any CPU.ActiveCfg = Debug|Any CPU
		{CE7E8567-E322-4355-99C5-6D46F220C24F}.Debug|Any CPU.Build.0 = Debug|Any CPU
		{CE7E8567-E322-4355-99C5-6D46F220C24F}.Release|Any CPU.ActiveCfg = Release|Any CPU
		{CE7E8567-E322-4355-99C5-6D46F220C24F}.Release|Any CPU.Build.0 = Release|Any CPU
		{B79321E2-9C08-42C0-8B98-F868B8B995F0}.Debug|Any CPU.ActiveCfg = Debug|Any CPU
		{B79321E2-9C08-42C0-8B98-F868B8B995F0}.Debug|Any CPU.Build.0 = Debug|Any CPU
		{B79321E2-9C08-42C0-8B98-F868B8B995F0}.Release|Any CPU.ActiveCfg = Release|Any CPU
		{B79321E2-9C08-42C0-8B98-F868B8B995F0}.Release|Any CPU.Build.0 = Release|Any CPU
		{9CD0A57A-8705-4074-9C00-7BF54BDA882A}.Debug|Any CPU.ActiveCfg = Debug|Any CPU
		{9CD0A57A-8705-4074-9C00-7BF54BDA882A}.Debug|Any CPU.Build.0 = Debug|Any CPU
		{9CD0A57A-8705-4074-9C00-7BF54BDA882A}.Release|Any CPU.ActiveCfg = Release|Any CPU
		{9CD0A57A-8705-4074-9C00-7BF54BDA882A}.Release|Any CPU.Build.0 = Release|Any CPU
		{1425A984-4B1D-40F4-A4E0-1757B7E6E506}.Debug|Any CPU.ActiveCfg = Debug|Any CPU
		{1425A984-4B1D-40F4-A4E0-1757B7E6E506}.Debug|Any CPU.Build.0 = Debug|Any CPU
		{1425A984-4B1D-40F4-A4E0-1757B7E6E506}.Release|Any CPU.ActiveCfg = Release|Any CPU
		{1425A984-4B1D-40F4-A4E0-1757B7E6E506}.Release|Any CPU.Build.0 = Release|Any CPU
		{032F3EB8-F1EB-4D5A-B393-97E30B3AE1E9}.Debug|Any CPU.ActiveCfg = Debug|Any CPU
		{032F3EB8-F1EB-4D5A-B393-97E30B3AE1E9}.Debug|Any CPU.Build.0 = Debug|Any CPU
		{032F3EB8-F1EB-4D5A-B393-97E30B3AE1E9}.Release|Any CPU.ActiveCfg = Release|Any CPU
		{032F3EB8-F1EB-4D5A-B393-97E30B3AE1E9}.Release|Any CPU.Build.0 = Release|Any CPU
		{1523B79A-6760-4EC4-9518-8E6279720BE9}.Debug|Any CPU.ActiveCfg = Debug|Any CPU
		{1523B79A-6760-4EC4-9518-8E6279720BE9}.Debug|Any CPU.Build.0 = Debug|Any CPU
		{1523B79A-6760-4EC4-9518-8E6279720BE9}.Release|Any CPU.ActiveCfg = Release|Any CPU
		{1523B79A-6760-4EC4-9518-8E6279720BE9}.Release|Any CPU.Build.0 = Release|Any CPU
		{310B8117-9AE9-4477-A735-D23ACE185140}.Debug|Any CPU.ActiveCfg = Debug|Any CPU
		{310B8117-9AE9-4477-A735-D23ACE185140}.Debug|Any CPU.Build.0 = Debug|Any CPU
		{310B8117-9AE9-4477-A735-D23ACE185140}.Release|Any CPU.ActiveCfg = Release|Any CPU
		{310B8117-9AE9-4477-A735-D23ACE185140}.Release|Any CPU.Build.0 = Release|Any CPU
		{EE23E806-83FE-459A-9050-95A327E28792}.Debug|Any CPU.ActiveCfg = Debug|Any CPU
		{EE23E806-83FE-459A-9050-95A327E28792}.Debug|Any CPU.Build.0 = Debug|Any CPU
		{EE23E806-83FE-459A-9050-95A327E28792}.Release|Any CPU.ActiveCfg = Release|Any CPU
		{EE23E806-83FE-459A-9050-95A327E28792}.Release|Any CPU.Build.0 = Release|Any CPU
		{C6DCD4F1-7074-4E8A-B3D6-E7DE43497D7E}.Debug|Any CPU.ActiveCfg = Debug|Any CPU
		{C6DCD4F1-7074-4E8A-B3D6-E7DE43497D7E}.Debug|Any CPU.Build.0 = Debug|Any CPU
		{C6DCD4F1-7074-4E8A-B3D6-E7DE43497D7E}.Release|Any CPU.ActiveCfg = Release|Any CPU
		{C6DCD4F1-7074-4E8A-B3D6-E7DE43497D7E}.Release|Any CPU.Build.0 = Release|Any CPU
	EndGlobalSection
	GlobalSection(SolutionProperties) = preSolution
		HideSolutionNode = FALSE
	EndGlobalSection
	GlobalSection(NestedProjects) = preSolution
		{F405CFD7-515C-43AC-ABF7-01918373BDFF} = {39FB9E80-48DA-434D-B8FF-D7B27B5EFECF}
		{536E2AC2-BE9C-4CD6-B64C-BF3A719594BE} = {93384C3E-A6B6-4191-A2F7-425D66DE2523}
		{2F183B8A-997F-4999-8C70-60D55AB4B80A} = {93384C3E-A6B6-4191-A2F7-425D66DE2523}
		{3D2EA83D-9865-4FD7-97C6-60D60589D65D} = {93384C3E-A6B6-4191-A2F7-425D66DE2523}
		{CE7E8567-E322-4355-99C5-6D46F220C24F} = {77E2A99B-F19A-45D2-83A5-2FF165A85916}
		{B79321E2-9C08-42C0-8B98-F868B8B995F0} = {77E2A99B-F19A-45D2-83A5-2FF165A85916}
		{9CD0A57A-8705-4074-9C00-7BF54BDA882A} = {48F0621D-07E4-46BF-90BF-49CB85CF62D6}
		{1425A984-4B1D-40F4-A4E0-1757B7E6E506} = {48F0621D-07E4-46BF-90BF-49CB85CF62D6}
		{032F3EB8-F1EB-4D5A-B393-97E30B3AE1E9} = {E689422A-4A8C-42C4-A8A0-55D52A959997}
		{1523B79A-6760-4EC4-9518-8E6279720BE9} = {E689422A-4A8C-42C4-A8A0-55D52A959997}
		{310B8117-9AE9-4477-A735-D23ACE185140} = {93384C3E-A6B6-4191-A2F7-425D66DE2523}
		{EE23E806-83FE-459A-9050-95A327E28792} = {93384C3E-A6B6-4191-A2F7-425D66DE2523}
		{C6DCD4F1-7074-4E8A-B3D6-E7DE43497D7E} = {77E2A99B-F19A-45D2-83A5-2FF165A85916}
	EndGlobalSection
EndGlobal
